
Microsoft Visual Studio Solution File, Format Version 12.00
# Visual Studio 15
VisualStudioVersion = 15.0.28010.2019
MinimumVisualStudioVersion = 10.0.40219.1
Project("{8BC9CEB8-8B4A-11D0-8D11-00A0C91BC942}") = "Lab_1(Data_Types)", "Lab_1(Data_Types)\Lab_1(Data_Types).vcxproj", "{F20226CE-0F37-48D9-95A2-FEBBAB70C4F7}"
EndProject
Project("{8BC9CEB8-8B4A-11D0-8D11-00A0C91BC942}") = "Lab_5(Classes)", "Lab_5(Classes)\Lab_5(Classes).vcxproj", "{B78CBCAC-6B8C-4387-815E-5CA4427E0AEA}"
EndProject
Project("{8BC9CEB8-8B4A-11D0-8D11-00A0C91BC942}") = "Lab_6(Matrix_Class)", "Lab_6(Matrix_Class)\Lab_6(Matrix_Class).vcxproj", "{4C9ABFD4-3DD4-482E-902A-C57830505E4B}"
EndProject
Project("{8BC9CEB8-8B4A-11D0-8D11-00A0C91BC942}") = "Lab_7(Dynamic_memory)", "Lab_7(Dynamic_memory)\Lab_7(Dynamic_memory).vcxproj", "{4C1ADE86-0456-4D2A-8C11-EF9FE526BBAF}"
EndProject
Project("{8BC9CEB8-8B4A-11D0-8D11-00A0C91BC942}") = "Lab_8(lines_and_files)", "Lab_8(lines_and_files)\Lab_8(lines_and_files).vcxproj", "{874C8103-9A5E-4773-997B-6BEBFAF01256}"
EndProject
Project("{8BC9CEB8-8B4A-11D0-8D11-00A0C91BC942}") = "Lab_9(Overloads)", "Lab_9(Overloads)\Lab_9(Overloads).vcxproj", "{D4AD7603-BF62-498A-82FB-00E6DA94CF64}"
EndProject
Project("{8BC9CEB8-8B4A-11D0-8D11-00A0C91BC942}") = "Lab_10(Static_libraries)", "Lab_10(Static_libraries)\Lab_10(Static_libraries).vcxproj", "{11A6F767-1E92-4F3F-B810-A245BD8CB36F}"
EndProject
Project("{8BC9CEB8-8B4A-11D0-8D11-00A0C91BC942}") = "lib", "lib\lib.vcxproj", "{FC694264-3462-4FBA-AF24-FADC93903932}"
EndProject
Project("{8BC9CEB8-8B4A-11D0-8D11-00A0C91BC942}") = "Lab_11(DLL's)", "Lab_11(DLL's)\Lab_11(DLL's).vcxproj", "{6BAD6D03-B2FB-4F65-A1AF-A6BD15368F9D}"
EndProject
Project("{8BC9CEB8-8B4A-11D0-8D11-00A0C91BC942}") = "Dll", "Dll\Dll.vcxproj", "{D9FC7362-B70B-474E-B903-2E70555539B0}"
EndProject
Project("{8BC9CEB8-8B4A-11D0-8D11-00A0C91BC942}") = "Lab_12(Open_cv)", "Lab_12(Open_cv)\Lab_12(Open_cv).vcxproj", "{3E38359F-E6C4-4ADB-8F74-24153B82512B}"
EndProject
Project("{8BC9CEB8-8B4A-11D0-8D11-00A0C91BC942}") = "Lab_2-3-4(Arrays,Functions)", "Lab_2-3-4(Arrays,Functions)\Lab_2-3(Arrays).vcxproj", "{75A4131C-5E83-4BCD-BBAB-F4182E9C4D37}"
EndProject
Project("{8BC9CEB8-8B4A-11D0-8D11-00A0C91BC942}") = "Lab_12(C_url)", "Lab_12(C_url)\Lab_12(C_url).vcxproj", "{9727CF0D-2C78-4ACA-A218-79CB4A21FEDA}"
EndProject
Project("{8BC9CEB8-8B4A-11D0-8D11-00A0C91BC942}") = "Lab_13(Open_SSL)", "Lab_13(Open_SSL)\Lab_13(Open_SSL).vcxproj", "{85DA76AE-210C-4A71-B297-89D1D8FE1832}"
EndProject
Project("{8BC9CEB8-8B4A-11D0-8D11-00A0C91BC942}") = "CCCOMBO", "CCCOMBO\CCCOMBO.vcxproj", "{6FE9624B-C192-4EE9-B111-315CCBBF0384}"
EndProject
Project("{8BC9CEB8-8B4A-11D0-8D11-00A0C91BC942}") = "Lab_14(Structures)", "Lab_14(Structures)\Lab_14(Structures).vcxproj", "{B943A242-F319-419B-A9F4-FA01E4763A6F}"
EndProject
Project("{8BC9CEB8-8B4A-11D0-8D11-00A0C91BC942}") = "Lab_15(Testing)", "Lab_15(Testing)\Lab_15(Testing).vcxproj", "{C2FD82F7-8317-4791-ADF5-5413C5316F73}"
EndProject
Project("{8BC9CEB8-8B4A-11D0-8D11-00A0C91BC942}") = "Lab_16(Trees_and_templates)", "Lab_16(Trees_and_templates)\Lab_16(Trees_and_templates).vcxproj", "{7B969517-65E8-4C6C-8C81-3C3AD70A4F0F}"
EndProject
Project("{8BC9CEB8-8B4A-11D0-8D11-00A0C91BC942}") = "Training", "Training\Training.vcxproj", "{D5F5DEC1-F0A4-4D4C-BFA9-F11B0EC4B62D}"
EndProject
Global
	GlobalSection(SolutionConfigurationPlatforms) = preSolution
		Debug|x64 = Debug|x64
		Debug|x86 = Debug|x86
		Release|x64 = Release|x64
		Release|x86 = Release|x86
	EndGlobalSection
	GlobalSection(ProjectConfigurationPlatforms) = postSolution
		{F20226CE-0F37-48D9-95A2-FEBBAB70C4F7}.Debug|x64.ActiveCfg = Debug|x64
		{F20226CE-0F37-48D9-95A2-FEBBAB70C4F7}.Debug|x64.Build.0 = Debug|x64
		{F20226CE-0F37-48D9-95A2-FEBBAB70C4F7}.Debug|x86.ActiveCfg = Debug|Win32
		{F20226CE-0F37-48D9-95A2-FEBBAB70C4F7}.Debug|x86.Build.0 = Debug|Win32
		{F20226CE-0F37-48D9-95A2-FEBBAB70C4F7}.Release|x64.ActiveCfg = Release|x64
		{F20226CE-0F37-48D9-95A2-FEBBAB70C4F7}.Release|x64.Build.0 = Release|x64
		{F20226CE-0F37-48D9-95A2-FEBBAB70C4F7}.Release|x86.ActiveCfg = Release|Win32
		{F20226CE-0F37-48D9-95A2-FEBBAB70C4F7}.Release|x86.Build.0 = Release|Win32
		{B78CBCAC-6B8C-4387-815E-5CA4427E0AEA}.Debug|x64.ActiveCfg = Debug|x64
		{B78CBCAC-6B8C-4387-815E-5CA4427E0AEA}.Debug|x64.Build.0 = Debug|x64
		{B78CBCAC-6B8C-4387-815E-5CA4427E0AEA}.Debug|x86.ActiveCfg = Debug|Win32
		{B78CBCAC-6B8C-4387-815E-5CA4427E0AEA}.Debug|x86.Build.0 = Debug|Win32
		{B78CBCAC-6B8C-4387-815E-5CA4427E0AEA}.Release|x64.ActiveCfg = Release|x64
		{B78CBCAC-6B8C-4387-815E-5CA4427E0AEA}.Release|x64.Build.0 = Release|x64
		{B78CBCAC-6B8C-4387-815E-5CA4427E0AEA}.Release|x86.ActiveCfg = Release|Win32
		{B78CBCAC-6B8C-4387-815E-5CA4427E0AEA}.Release|x86.Build.0 = Release|Win32
		{4C9ABFD4-3DD4-482E-902A-C57830505E4B}.Debug|x64.ActiveCfg = Debug|x64
		{4C9ABFD4-3DD4-482E-902A-C57830505E4B}.Debug|x64.Build.0 = Debug|x64
		{4C9ABFD4-3DD4-482E-902A-C57830505E4B}.Debug|x86.ActiveCfg = Debug|Win32
		{4C9ABFD4-3DD4-482E-902A-C57830505E4B}.Debug|x86.Build.0 = Debug|Win32
		{4C9ABFD4-3DD4-482E-902A-C57830505E4B}.Release|x64.ActiveCfg = Release|x64
		{4C9ABFD4-3DD4-482E-902A-C57830505E4B}.Release|x64.Build.0 = Release|x64
		{4C9ABFD4-3DD4-482E-902A-C57830505E4B}.Release|x86.ActiveCfg = Release|Win32
		{4C9ABFD4-3DD4-482E-902A-C57830505E4B}.Release|x86.Build.0 = Release|Win32
		{4C1ADE86-0456-4D2A-8C11-EF9FE526BBAF}.Debug|x64.ActiveCfg = Debug|x64
		{4C1ADE86-0456-4D2A-8C11-EF9FE526BBAF}.Debug|x64.Build.0 = Debug|x64
		{4C1ADE86-0456-4D2A-8C11-EF9FE526BBAF}.Debug|x86.ActiveCfg = Debug|Win32
		{4C1ADE86-0456-4D2A-8C11-EF9FE526BBAF}.Debug|x86.Build.0 = Debug|Win32
		{4C1ADE86-0456-4D2A-8C11-EF9FE526BBAF}.Release|x64.ActiveCfg = Release|x64
		{4C1ADE86-0456-4D2A-8C11-EF9FE526BBAF}.Release|x64.Build.0 = Release|x64
		{4C1ADE86-0456-4D2A-8C11-EF9FE526BBAF}.Release|x86.ActiveCfg = Release|Win32
		{4C1ADE86-0456-4D2A-8C11-EF9FE526BBAF}.Release|x86.Build.0 = Release|Win32
		{874C8103-9A5E-4773-997B-6BEBFAF01256}.Debug|x64.ActiveCfg = Debug|x64
		{874C8103-9A5E-4773-997B-6BEBFAF01256}.Debug|x64.Build.0 = Debug|x64
		{874C8103-9A5E-4773-997B-6BEBFAF01256}.Debug|x86.ActiveCfg = Debug|Win32
		{874C8103-9A5E-4773-997B-6BEBFAF01256}.Debug|x86.Build.0 = Debug|Win32
		{874C8103-9A5E-4773-997B-6BEBFAF01256}.Release|x64.ActiveCfg = Release|x64
		{874C8103-9A5E-4773-997B-6BEBFAF01256}.Release|x64.Build.0 = Release|x64
		{874C8103-9A5E-4773-997B-6BEBFAF01256}.Release|x86.ActiveCfg = Release|Win32
		{874C8103-9A5E-4773-997B-6BEBFAF01256}.Release|x86.Build.0 = Release|Win32
		{D4AD7603-BF62-498A-82FB-00E6DA94CF64}.Debug|x64.ActiveCfg = Debug|x64
		{D4AD7603-BF62-498A-82FB-00E6DA94CF64}.Debug|x64.Build.0 = Debug|x64
		{D4AD7603-BF62-498A-82FB-00E6DA94CF64}.Debug|x86.ActiveCfg = Debug|Win32
		{D4AD7603-BF62-498A-82FB-00E6DA94CF64}.Debug|x86.Build.0 = Debug|Win32
		{D4AD7603-BF62-498A-82FB-00E6DA94CF64}.Release|x64.ActiveCfg = Release|x64
		{D4AD7603-BF62-498A-82FB-00E6DA94CF64}.Release|x64.Build.0 = Release|x64
		{D4AD7603-BF62-498A-82FB-00E6DA94CF64}.Release|x86.ActiveCfg = Release|Win32
		{D4AD7603-BF62-498A-82FB-00E6DA94CF64}.Release|x86.Build.0 = Release|Win32
		{11A6F767-1E92-4F3F-B810-A245BD8CB36F}.Debug|x64.ActiveCfg = Debug|x64
		{11A6F767-1E92-4F3F-B810-A245BD8CB36F}.Debug|x64.Build.0 = Debug|x64
		{11A6F767-1E92-4F3F-B810-A245BD8CB36F}.Debug|x86.ActiveCfg = Debug|Win32
		{11A6F767-1E92-4F3F-B810-A245BD8CB36F}.Debug|x86.Build.0 = Debug|Win32
		{11A6F767-1E92-4F3F-B810-A245BD8CB36F}.Release|x64.ActiveCfg = Release|x64
		{11A6F767-1E92-4F3F-B810-A245BD8CB36F}.Release|x64.Build.0 = Release|x64
		{11A6F767-1E92-4F3F-B810-A245BD8CB36F}.Release|x86.ActiveCfg = Release|Win32
		{11A6F767-1E92-4F3F-B810-A245BD8CB36F}.Release|x86.Build.0 = Release|Win32
		{FC694264-3462-4FBA-AF24-FADC93903932}.Debug|x64.ActiveCfg = Debug|x64
		{FC694264-3462-4FBA-AF24-FADC93903932}.Debug|x64.Build.0 = Debug|x64
		{FC694264-3462-4FBA-AF24-FADC93903932}.Debug|x86.ActiveCfg = Debug|Win32
		{FC694264-3462-4FBA-AF24-FADC93903932}.Debug|x86.Build.0 = Debug|Win32
		{FC694264-3462-4FBA-AF24-FADC93903932}.Release|x64.ActiveCfg = Release|x64
		{FC694264-3462-4FBA-AF24-FADC93903932}.Release|x64.Build.0 = Release|x64
		{FC694264-3462-4FBA-AF24-FADC93903932}.Release|x86.ActiveCfg = Release|Win32
		{FC694264-3462-4FBA-AF24-FADC93903932}.Release|x86.Build.0 = Release|Win32
		{6BAD6D03-B2FB-4F65-A1AF-A6BD15368F9D}.Debug|x64.ActiveCfg = Debug|x64
		{6BAD6D03-B2FB-4F65-A1AF-A6BD15368F9D}.Debug|x64.Build.0 = Debug|x64
		{6BAD6D03-B2FB-4F65-A1AF-A6BD15368F9D}.Debug|x86.ActiveCfg = Debug|Win32
		{6BAD6D03-B2FB-4F65-A1AF-A6BD15368F9D}.Debug|x86.Build.0 = Debug|Win32
		{6BAD6D03-B2FB-4F65-A1AF-A6BD15368F9D}.Release|x64.ActiveCfg = Release|x64
		{6BAD6D03-B2FB-4F65-A1AF-A6BD15368F9D}.Release|x64.Build.0 = Release|x64
		{6BAD6D03-B2FB-4F65-A1AF-A6BD15368F9D}.Release|x86.ActiveCfg = Release|Win32
		{6BAD6D03-B2FB-4F65-A1AF-A6BD15368F9D}.Release|x86.Build.0 = Release|Win32
		{D9FC7362-B70B-474E-B903-2E70555539B0}.Debug|x64.ActiveCfg = Debug|x64
		{D9FC7362-B70B-474E-B903-2E70555539B0}.Debug|x64.Build.0 = Debug|x64
		{D9FC7362-B70B-474E-B903-2E70555539B0}.Debug|x86.ActiveCfg = Debug|Win32
		{D9FC7362-B70B-474E-B903-2E70555539B0}.Debug|x86.Build.0 = Debug|Win32
		{D9FC7362-B70B-474E-B903-2E70555539B0}.Release|x64.ActiveCfg = Release|x64
		{D9FC7362-B70B-474E-B903-2E70555539B0}.Release|x64.Build.0 = Release|x64
		{D9FC7362-B70B-474E-B903-2E70555539B0}.Release|x86.ActiveCfg = Release|Win32
		{D9FC7362-B70B-474E-B903-2E70555539B0}.Release|x86.Build.0 = Release|Win32
		{3E38359F-E6C4-4ADB-8F74-24153B82512B}.Debug|x64.ActiveCfg = Debug|x64
		{3E38359F-E6C4-4ADB-8F74-24153B82512B}.Debug|x64.Build.0 = Debug|x64
		{3E38359F-E6C4-4ADB-8F74-24153B82512B}.Debug|x86.ActiveCfg = Debug|Win32
		{3E38359F-E6C4-4ADB-8F74-24153B82512B}.Debug|x86.Build.0 = Debug|Win32
		{3E38359F-E6C4-4ADB-8F74-24153B82512B}.Release|x64.ActiveCfg = Release|x64
		{3E38359F-E6C4-4ADB-8F74-24153B82512B}.Release|x64.Build.0 = Release|x64
		{3E38359F-E6C4-4ADB-8F74-24153B82512B}.Release|x86.ActiveCfg = Release|Win32
		{3E38359F-E6C4-4ADB-8F74-24153B82512B}.Release|x86.Build.0 = Release|Win32
		{75A4131C-5E83-4BCD-BBAB-F4182E9C4D37}.Debug|x64.ActiveCfg = Debug|x64
		{75A4131C-5E83-4BCD-BBAB-F4182E9C4D37}.Debug|x64.Build.0 = Debug|x64
		{75A4131C-5E83-4BCD-BBAB-F4182E9C4D37}.Debug|x86.ActiveCfg = Debug|Win32
		{75A4131C-5E83-4BCD-BBAB-F4182E9C4D37}.Debug|x86.Build.0 = Debug|Win32
		{75A4131C-5E83-4BCD-BBAB-F4182E9C4D37}.Release|x64.ActiveCfg = Release|x64
		{75A4131C-5E83-4BCD-BBAB-F4182E9C4D37}.Release|x64.Build.0 = Release|x64
		{75A4131C-5E83-4BCD-BBAB-F4182E9C4D37}.Release|x86.ActiveCfg = Release|Win32
		{75A4131C-5E83-4BCD-BBAB-F4182E9C4D37}.Release|x86.Build.0 = Release|Win32
		{9727CF0D-2C78-4ACA-A218-79CB4A21FEDA}.Debug|x64.ActiveCfg = Debug|x64
		{9727CF0D-2C78-4ACA-A218-79CB4A21FEDA}.Debug|x64.Build.0 = Debug|x64
		{9727CF0D-2C78-4ACA-A218-79CB4A21FEDA}.Debug|x86.ActiveCfg = Debug|Win32
		{9727CF0D-2C78-4ACA-A218-79CB4A21FEDA}.Debug|x86.Build.0 = Debug|Win32
		{9727CF0D-2C78-4ACA-A218-79CB4A21FEDA}.Release|x64.ActiveCfg = Release|x64
		{9727CF0D-2C78-4ACA-A218-79CB4A21FEDA}.Release|x64.Build.0 = Release|x64
		{9727CF0D-2C78-4ACA-A218-79CB4A21FEDA}.Release|x86.ActiveCfg = Release|Win32
		{9727CF0D-2C78-4ACA-A218-79CB4A21FEDA}.Release|x86.Build.0 = Release|Win32
		{85DA76AE-210C-4A71-B297-89D1D8FE1832}.Debug|x64.ActiveCfg = Debug|x64
		{85DA76AE-210C-4A71-B297-89D1D8FE1832}.Debug|x64.Build.0 = Debug|x64
		{85DA76AE-210C-4A71-B297-89D1D8FE1832}.Debug|x86.ActiveCfg = Debug|Win32
		{85DA76AE-210C-4A71-B297-89D1D8FE1832}.Debug|x86.Build.0 = Debug|Win32
		{85DA76AE-210C-4A71-B297-89D1D8FE1832}.Release|x64.ActiveCfg = Release|x64
		{85DA76AE-210C-4A71-B297-89D1D8FE1832}.Release|x64.Build.0 = Release|x64
		{85DA76AE-210C-4A71-B297-89D1D8FE1832}.Release|x86.ActiveCfg = Release|Win32
		{85DA76AE-210C-4A71-B297-89D1D8FE1832}.Release|x86.Build.0 = Release|Win32
		{6FE9624B-C192-4EE9-B111-315CCBBF0384}.Debug|x64.ActiveCfg = Debug|x64
		{6FE9624B-C192-4EE9-B111-315CCBBF0384}.Debug|x64.Build.0 = Debug|x64
		{6FE9624B-C192-4EE9-B111-315CCBBF0384}.Debug|x86.ActiveCfg = Debug|Win32
		{6FE9624B-C192-4EE9-B111-315CCBBF0384}.Debug|x86.Build.0 = Debug|Win32
		{6FE9624B-C192-4EE9-B111-315CCBBF0384}.Release|x64.ActiveCfg = Release|x64
		{6FE9624B-C192-4EE9-B111-315CCBBF0384}.Release|x64.Build.0 = Release|x64
		{6FE9624B-C192-4EE9-B111-315CCBBF0384}.Release|x86.ActiveCfg = Release|Win32
		{6FE9624B-C192-4EE9-B111-315CCBBF0384}.Release|x86.Build.0 = Release|Win32
		{B943A242-F319-419B-A9F4-FA01E4763A6F}.Debug|x64.ActiveCfg = Debug|x64
		{B943A242-F319-419B-A9F4-FA01E4763A6F}.Debug|x64.Build.0 = Debug|x64
		{B943A242-F319-419B-A9F4-FA01E4763A6F}.Debug|x86.ActiveCfg = Debug|Win32
		{B943A242-F319-419B-A9F4-FA01E4763A6F}.Debug|x86.Build.0 = Debug|Win32
		{B943A242-F319-419B-A9F4-FA01E4763A6F}.Release|x64.ActiveCfg = Release|x64
		{B943A242-F319-419B-A9F4-FA01E4763A6F}.Release|x64.Build.0 = Release|x64
		{B943A242-F319-419B-A9F4-FA01E4763A6F}.Release|x86.ActiveCfg = Release|Win32
		{B943A242-F319-419B-A9F4-FA01E4763A6F}.Release|x86.Build.0 = Release|Win32
		{C2FD82F7-8317-4791-ADF5-5413C5316F73}.Debug|x64.ActiveCfg = Debug|x64
		{C2FD82F7-8317-4791-ADF5-5413C5316F73}.Debug|x64.Build.0 = Debug|x64
		{C2FD82F7-8317-4791-ADF5-5413C5316F73}.Debug|x86.ActiveCfg = Debug|Win32
		{C2FD82F7-8317-4791-ADF5-5413C5316F73}.Debug|x86.Build.0 = Debug|Win32
		{C2FD82F7-8317-4791-ADF5-5413C5316F73}.Release|x64.ActiveCfg = Release|x64
		{C2FD82F7-8317-4791-ADF5-5413C5316F73}.Release|x64.Build.0 = Release|x64
		{C2FD82F7-8317-4791-ADF5-5413C5316F73}.Release|x86.ActiveCfg = Release|Win32
		{C2FD82F7-8317-4791-ADF5-5413C5316F73}.Release|x86.Build.0 = Release|Win32
		{7B969517-65E8-4C6C-8C81-3C3AD70A4F0F}.Debug|x64.ActiveCfg = Debug|x64
		{7B969517-65E8-4C6C-8C81-3C3AD70A4F0F}.Debug|x64.Build.0 = Debug|x64
		{7B969517-65E8-4C6C-8C81-3C3AD70A4F0F}.Debug|x86.ActiveCfg = Debug|Win32
		{7B969517-65E8-4C6C-8C81-3C3AD70A4F0F}.Debug|x86.Build.0 = Debug|Win32
		{7B969517-65E8-4C6C-8C81-3C3AD70A4F0F}.Release|x64.ActiveCfg = Release|x64
		{7B969517-65E8-4C6C-8C81-3C3AD70A4F0F}.Release|x64.Build.0 = Release|x64
		{7B969517-65E8-4C6C-8C81-3C3AD70A4F0F}.Release|x86.ActiveCfg = Release|Win32
		{7B969517-65E8-4C6C-8C81-3C3AD70A4F0F}.Release|x86.Build.0 = Release|Win32
		{D5F5DEC1-F0A4-4D4C-BFA9-F11B0EC4B62D}.Debug|x64.ActiveCfg = Debug|x64
		{D5F5DEC1-F0A4-4D4C-BFA9-F11B0EC4B62D}.Debug|x64.Build.0 = Debug|x64
		{D5F5DEC1-F0A4-4D4C-BFA9-F11B0EC4B62D}.Debug|x86.ActiveCfg = Debug|Win32
		{D5F5DEC1-F0A4-4D4C-BFA9-F11B0EC4B62D}.Debug|x86.Build.0 = Debug|Win32
		{D5F5DEC1-F0A4-4D4C-BFA9-F11B0EC4B62D}.Release|x64.ActiveCfg = Release|x64
		{D5F5DEC1-F0A4-4D4C-BFA9-F11B0EC4B62D}.Release|x64.Build.0 = Release|x64
		{D5F5DEC1-F0A4-4D4C-BFA9-F11B0EC4B62D}.Release|x86.ActiveCfg = Release|Win32
		{D5F5DEC1-F0A4-4D4C-BFA9-F11B0EC4B62D}.Release|x86.Build.0 = Release|Win32
	EndGlobalSection
	GlobalSection(SolutionProperties) = preSolution
		HideSolutionNode = FALSE
	EndGlobalSection
	GlobalSection(ExtensibilityGlobals) = postSolution
		SolutionGuid = {53C1DCD1-5CC5-440A-8F1F-C3AA463D362F}
	EndGlobalSection
EndGlobal
